// !$*UTF8*$!
{
	archiveVersion = 1;
	classes = {
	};
	objectVersion = 46;
	objects = {

/* Begin PBXBuildFile section */
		F45DCED617997C6A00160C30 /* SafariServices.framework in Frameworks */ = {isa = PBXBuildFile; fileRef = F45DCED517997C6A00160C30 /* SafariServices.framework */; };
		F49571CA1799427000E0ECA6 /* Foundation.framework in Frameworks */ = {isa = PBXBuildFile; fileRef = F49571C91799427000E0ECA6 /* Foundation.framework */; };
		F49571CC1799427000E0ECA6 /* CoreGraphics.framework in Frameworks */ = {isa = PBXBuildFile; fileRef = F49571CB1799427000E0ECA6 /* CoreGraphics.framework */; };
		F49571CE1799427000E0ECA6 /* UIKit.framework in Frameworks */ = {isa = PBXBuildFile; fileRef = F49571CD1799427000E0ECA6 /* UIKit.framework */; };
		F49571D41799427000E0ECA6 /* InfoPlist.strings in Resources */ = {isa = PBXBuildFile; fileRef = F49571D21799427000E0ECA6 /* InfoPlist.strings */; };
		F49571D61799427000E0ECA6 /* main.m in Sources */ = {isa = PBXBuildFile; fileRef = F49571D51799427000E0ECA6 /* main.m */; };
		F49571DA1799427000E0ECA6 /* SCAppDelegate.m in Sources */ = {isa = PBXBuildFile; fileRef = F49571D91799427000E0ECA6 /* SCAppDelegate.m */; };
		F49571DD1799427000E0ECA6 /* Main.storyboard in Resources */ = {isa = PBXBuildFile; fileRef = F49571DB1799427000E0ECA6 /* Main.storyboard */; };
		F49571E01799427000E0ECA6 /* SCMasterViewController.m in Sources */ = {isa = PBXBuildFile; fileRef = F49571DF1799427000E0ECA6 /* SCMasterViewController.m */; };
		F49571E31799427000E0ECA6 /* SCDetailViewController.m in Sources */ = {isa = PBXBuildFile; fileRef = F49571E21799427000E0ECA6 /* SCDetailViewController.m */; };
		F49571E51799427000E0ECA6 /* Images.xcassets in Resources */ = {isa = PBXBuildFile; fileRef = F49571E41799427000E0ECA6 /* Images.xcassets */; };
		F49571EC1799427100E0ECA6 /* XCTest.framework in Frameworks */ = {isa = PBXBuildFile; fileRef = F49571EB1799427100E0ECA6 /* XCTest.framework */; };
		F49571ED1799427100E0ECA6 /* Foundation.framework in Frameworks */ = {isa = PBXBuildFile; fileRef = F49571C91799427000E0ECA6 /* Foundation.framework */; };
		F49571EE1799427100E0ECA6 /* UIKit.framework in Frameworks */ = {isa = PBXBuildFile; fileRef = F49571CD1799427000E0ECA6 /* UIKit.framework */; };
		F49571F61799427100E0ECA6 /* InfoPlist.strings in Resources */ = {isa = PBXBuildFile; fileRef = F49571F41799427100E0ECA6 /* InfoPlist.strings */; };
		F49571F81799427100E0ECA6 /* FeedReaderTests.m in Sources */ = {isa = PBXBuildFile; fileRef = F49571F71799427100E0ECA6 /* FeedReaderTests.m */; };
		F4957204179942D500E0ECA6 /* SCRSSEntry.m in Sources */ = {isa = PBXBuildFile; fileRef = F4957203179942D500E0ECA6 /* SCRSSEntry.m */; };
		F495720717994FC100E0ECA6 /* SCRSSFeed.m in Sources */ = {isa = PBXBuildFile; fileRef = F495720617994FC100E0ECA6 /* SCRSSFeed.m */; };
/* End PBXBuildFile section */

/* Begin PBXContainerItemProxy section */
		F49571EF1799427100E0ECA6 /* PBXContainerItemProxy */ = {
			isa = PBXContainerItemProxy;
			containerPortal = F49571BE1799427000E0ECA6 /* Project object */;
			proxyType = 1;
			remoteGlobalIDString = F49571C51799427000E0ECA6;
			remoteInfo = FeedReader;
		};
/* End PBXContainerItemProxy section */

/* Begin PBXFileReference section */
		F45DCED517997C6A00160C30 /* SafariServices.framework */ = {isa = PBXFileReference; lastKnownFileType = wrapper.framework; name = SafariServices.framework; path = System/Library/Frameworks/SafariServices.framework; sourceTree = SDKROOT; };
		F49571C61799427000E0ECA6 /* FeedReader.app */ = {isa = PBXFileReference; explicitFileType = wrapper.application; includeInIndex = 0; path = FeedReader.app; sourceTree = BUILT_PRODUCTS_DIR; };
		F49571C91799427000E0ECA6 /* Foundation.framework */ = {isa = PBXFileReference; lastKnownFileType = wrapper.framework; name = Foundation.framework; path = System/Library/Frameworks/Foundation.framework; sourceTree = SDKROOT; };
		F49571CB1799427000E0ECA6 /* CoreGraphics.framework */ = {isa = PBXFileReference; lastKnownFileType = wrapper.framework; name = CoreGraphics.framework; path = System/Library/Frameworks/CoreGraphics.framework; sourceTree = SDKROOT; };
		F49571CD1799427000E0ECA6 /* UIKit.framework */ = {isa = PBXFileReference; lastKnownFileType = wrapper.framework; name = UIKit.framework; path = System/Library/Frameworks/UIKit.framework; sourceTree = SDKROOT; };
		F49571D11799427000E0ECA6 /* FeedReader-Info.plist */ = {isa = PBXFileReference; lastKnownFileType = text.plist.xml; path = "FeedReader-Info.plist"; sourceTree = "<group>"; };
		F49571D31799427000E0ECA6 /* en */ = {isa = PBXFileReference; lastKnownFileType = text.plist.strings; name = en; path = en.lproj/InfoPlist.strings; sourceTree = "<group>"; };
		F49571D51799427000E0ECA6 /* main.m */ = {isa = PBXFileReference; lastKnownFileType = sourcecode.c.objc; path = main.m; sourceTree = "<group>"; };
		F49571D71799427000E0ECA6 /* FeedReader-Prefix.pch */ = {isa = PBXFileReference; lastKnownFileType = sourcecode.c.h; path = "FeedReader-Prefix.pch"; sourceTree = "<group>"; };
		F49571D81799427000E0ECA6 /* SCAppDelegate.h */ = {isa = PBXFileReference; lastKnownFileType = sourcecode.c.h; path = SCAppDelegate.h; sourceTree = "<group>"; };
		F49571D91799427000E0ECA6 /* SCAppDelegate.m */ = {isa = PBXFileReference; lastKnownFileType = sourcecode.c.objc; path = SCAppDelegate.m; sourceTree = "<group>"; };
		F49571DC1799427000E0ECA6 /* Base */ = {isa = PBXFileReference; lastKnownFileType = file.storyboard; name = Base; path = Base.lproj/Main.storyboard; sourceTree = "<group>"; };
		F49571DE1799427000E0ECA6 /* SCMasterViewController.h */ = {isa = PBXFileReference; lastKnownFileType = sourcecode.c.h; path = SCMasterViewController.h; sourceTree = "<group>"; };
		F49571DF1799427000E0ECA6 /* SCMasterViewController.m */ = {isa = PBXFileReference; lastKnownFileType = sourcecode.c.objc; path = SCMasterViewController.m; sourceTree = "<group>"; };
		F49571E11799427000E0ECA6 /* SCDetailViewController.h */ = {isa = PBXFileReference; lastKnownFileType = sourcecode.c.h; path = SCDetailViewController.h; sourceTree = "<group>"; };
		F49571E21799427000E0ECA6 /* SCDetailViewController.m */ = {isa = PBXFileReference; lastKnownFileType = sourcecode.c.objc; path = SCDetailViewController.m; sourceTree = "<group>"; };
		F49571E41799427000E0ECA6 /* Images.xcassets */ = {isa = PBXFileReference; lastKnownFileType = folder.assetcatalog; path = Images.xcassets; sourceTree = "<group>"; };
		F49571EA1799427100E0ECA6 /* FeedReaderTests.xctest */ = {isa = PBXFileReference; explicitFileType = wrapper.cfbundle; includeInIndex = 0; path = FeedReaderTests.xctest; sourceTree = BUILT_PRODUCTS_DIR; };
		F49571EB1799427100E0ECA6 /* XCTest.framework */ = {isa = PBXFileReference; lastKnownFileType = wrapper.framework; name = XCTest.framework; path = Library/Frameworks/XCTest.framework; sourceTree = DEVELOPER_DIR; };
		F49571F31799427100E0ECA6 /* FeedReaderTests-Info.plist */ = {isa = PBXFileReference; lastKnownFileType = text.plist.xml; path = "FeedReaderTests-Info.plist"; sourceTree = "<group>"; };
		F49571F51799427100E0ECA6 /* en */ = {isa = PBXFileReference; lastKnownFileType = text.plist.strings; name = en; path = en.lproj/InfoPlist.strings; sourceTree = "<group>"; };
		F49571F71799427100E0ECA6 /* FeedReaderTests.m */ = {isa = PBXFileReference; lastKnownFileType = sourcecode.c.objc; path = FeedReaderTests.m; sourceTree = "<group>"; };
		F4957202179942D500E0ECA6 /* SCRSSEntry.h */ = {isa = PBXFileReference; fileEncoding = 4; lastKnownFileType = sourcecode.c.h; path = SCRSSEntry.h; sourceTree = "<group>"; };
		F4957203179942D500E0ECA6 /* SCRSSEntry.m */ = {isa = PBXFileReference; fileEncoding = 4; lastKnownFileType = sourcecode.c.objc; path = SCRSSEntry.m; sourceTree = "<group>"; };
		F495720517994FC100E0ECA6 /* SCRSSFeed.h */ = {isa = PBXFileReference; fileEncoding = 4; lastKnownFileType = sourcecode.c.h; path = SCRSSFeed.h; sourceTree = "<group>"; };
		F495720617994FC100E0ECA6 /* SCRSSFeed.m */ = {isa = PBXFileReference; fileEncoding = 4; lastKnownFileType = sourcecode.c.objc; path = SCRSSFeed.m; sourceTree = "<group>"; };
/* End PBXFileReference section */

/* Begin PBXFrameworksBuildPhase section */
		F49571C31799427000E0ECA6 /* Frameworks */ = {
			isa = PBXFrameworksBuildPhase;
			buildActionMask = 2147483647;
			files = (
				F45DCED617997C6A00160C30 /* SafariServices.framework in Frameworks */,
				F49571CC1799427000E0ECA6 /* CoreGraphics.framework in Frameworks */,
				F49571CE1799427000E0ECA6 /* UIKit.framework in Frameworks */,
				F49571CA1799427000E0ECA6 /* Foundation.framework in Frameworks */,
			);
			runOnlyForDeploymentPostprocessing = 0;
		};
		F49571E71799427100E0ECA6 /* Frameworks */ = {
			isa = PBXFrameworksBuildPhase;
			buildActionMask = 2147483647;
			files = (
				F49571EC1799427100E0ECA6 /* XCTest.framework in Frameworks */,
				F49571EE1799427100E0ECA6 /* UIKit.framework in Frameworks */,
				F49571ED1799427100E0ECA6 /* Foundation.framework in Frameworks */,
			);
			runOnlyForDeploymentPostprocessing = 0;
		};
/* End PBXFrameworksBuildPhase section */

/* Begin PBXGroup section */
		F49571BD1799427000E0ECA6 = {
			isa = PBXGroup;
			children = (
				F49571CF1799427000E0ECA6 /* FeedReader */,
				F49571F11799427100E0ECA6 /* FeedReaderTests */,
				F49571C81799427000E0ECA6 /* Frameworks */,
				F49571C71799427000E0ECA6 /* Products */,
			);
			sourceTree = "<group>";
		};
		F49571C71799427000E0ECA6 /* Products */ = {
			isa = PBXGroup;
			children = (
				F49571C61799427000E0ECA6 /* FeedReader.app */,
				F49571EA1799427100E0ECA6 /* FeedReaderTests.xctest */,
			);
			name = Products;
			sourceTree = "<group>";
		};
		F49571C81799427000E0ECA6 /* Frameworks */ = {
			isa = PBXGroup;
			children = (
				F45DCED517997C6A00160C30 /* SafariServices.framework */,
				F49571C91799427000E0ECA6 /* Foundation.framework */,
				F49571CB1799427000E0ECA6 /* CoreGraphics.framework */,
				F49571CD1799427000E0ECA6 /* UIKit.framework */,
				F49571EB1799427100E0ECA6 /* XCTest.framework */,
			);
			name = Frameworks;
			sourceTree = "<group>";
		};
		F49571CF1799427000E0ECA6 /* FeedReader */ = {
			isa = PBXGroup;
			children = (
				F4957201179942B700E0ECA6 /* Data */,
				F49571D81799427000E0ECA6 /* SCAppDelegate.h */,
				F49571D91799427000E0ECA6 /* SCAppDelegate.m */,
				F49571DB1799427000E0ECA6 /* Main.storyboard */,
				F49571DE1799427000E0ECA6 /* SCMasterViewController.h */,
				F49571DF1799427000E0ECA6 /* SCMasterViewController.m */,
				F49571E11799427000E0ECA6 /* SCDetailViewController.h */,
				F49571E21799427000E0ECA6 /* SCDetailViewController.m */,
				F49571E41799427000E0ECA6 /* Images.xcassets */,
				F49571D01799427000E0ECA6 /* Supporting Files */,
			);
			path = FeedReader;
			sourceTree = "<group>";
		};
		F49571D01799427000E0ECA6 /* Supporting Files */ = {
			isa = PBXGroup;
			children = (
				F49571D11799427000E0ECA6 /* FeedReader-Info.plist */,
				F49571D21799427000E0ECA6 /* InfoPlist.strings */,
				F49571D51799427000E0ECA6 /* main.m */,
				F49571D71799427000E0ECA6 /* FeedReader-Prefix.pch */,
			);
			name = "Supporting Files";
			sourceTree = "<group>";
		};
		F49571F11799427100E0ECA6 /* FeedReaderTests */ = {
			isa = PBXGroup;
			children = (
				F49571F71799427100E0ECA6 /* FeedReaderTests.m */,
				F49571F21799427100E0ECA6 /* Supporting Files */,
			);
			path = FeedReaderTests;
			sourceTree = "<group>";
		};
		F49571F21799427100E0ECA6 /* Supporting Files */ = {
			isa = PBXGroup;
			children = (
				F49571F31799427100E0ECA6 /* FeedReaderTests-Info.plist */,
				F49571F41799427100E0ECA6 /* InfoPlist.strings */,
			);
			name = "Supporting Files";
			sourceTree = "<group>";
		};
		F4957201179942B700E0ECA6 /* Data */ = {
			isa = PBXGroup;
			children = (
				F4957202179942D500E0ECA6 /* SCRSSEntry.h */,
				F4957203179942D500E0ECA6 /* SCRSSEntry.m */,
				F495720517994FC100E0ECA6 /* SCRSSFeed.h */,
				F495720617994FC100E0ECA6 /* SCRSSFeed.m */,
			);
			name = Data;
			sourceTree = "<group>";
		};
/* End PBXGroup section */

/* Begin PBXNativeTarget section */
		F49571C51799427000E0ECA6 /* FeedReader */ = {
			isa = PBXNativeTarget;
			buildConfigurationList = F49571FB1799427100E0ECA6 /* Build configuration list for PBXNativeTarget "FeedReader" */;
			buildPhases = (
				F49571C21799427000E0ECA6 /* Sources */,
				F49571C31799427000E0ECA6 /* Frameworks */,
				F49571C41799427000E0ECA6 /* Resources */,
			);
			buildRules = (
			);
			dependencies = (
			);
			name = FeedReader;
			productName = FeedReader;
			productReference = F49571C61799427000E0ECA6 /* FeedReader.app */;
			productType = "com.apple.product-type.application";
		};
		F49571E91799427100E0ECA6 /* FeedReaderTests */ = {
			isa = PBXNativeTarget;
			buildConfigurationList = F49571FE1799427100E0ECA6 /* Build configuration list for PBXNativeTarget "FeedReaderTests" */;
			buildPhases = (
				F49571E61799427100E0ECA6 /* Sources */,
				F49571E71799427100E0ECA6 /* Frameworks */,
				F49571E81799427100E0ECA6 /* Resources */,
			);
			buildRules = (
			);
			dependencies = (
				F49571F01799427100E0ECA6 /* PBXTargetDependency */,
			);
			name = FeedReaderTests;
			productName = FeedReaderTests;
			productReference = F49571EA1799427100E0ECA6 /* FeedReaderTests.xctest */;
			productType = "com.apple.product-type.bundle.unit-test";
		};
/* End PBXNativeTarget section */

/* Begin PBXProject section */
		F49571BE1799427000E0ECA6 /* Project object */ = {
			isa = PBXProject;
			attributes = {
				CLASSPREFIX = SC;
				LastUpgradeCheck = 0500;
				ORGANIZATIONNAME = ShinobiControls;
				TargetAttributes = {
					F49571E91799427100E0ECA6 = {
						TestTargetID = F49571C51799427000E0ECA6;
					};
				};
			};
			buildConfigurationList = F49571C11799427000E0ECA6 /* Build configuration list for PBXProject "FeedReader" */;
			compatibilityVersion = "Xcode 3.2";
			developmentRegion = English;
			hasScannedForEncodings = 0;
			knownRegions = (
				en,
				Base,
			);
			mainGroup = F49571BD1799427000E0ECA6;
			productRefGroup = F49571C71799427000E0ECA6 /* Products */;
			projectDirPath = "";
			projectRoot = "";
			targets = (
				F49571C51799427000E0ECA6 /* FeedReader */,
				F49571E91799427100E0ECA6 /* FeedReaderTests */,
			);
		};
/* End PBXProject section */

/* Begin PBXResourcesBuildPhase section */
		F49571C41799427000E0ECA6 /* Resources */ = {
			isa = PBXResourcesBuildPhase;
			buildActionMask = 2147483647;
			files = (
				F49571E51799427000E0ECA6 /* Images.xcassets in Resources */,
				F49571D41799427000E0ECA6 /* InfoPlist.strings in Resources */,
				F49571DD1799427000E0ECA6 /* Main.storyboard in Resources */,
			);
			runOnlyForDeploymentPostprocessing = 0;
		};
		F49571E81799427100E0ECA6 /* Resources */ = {
			isa = PBXResourcesBuildPhase;
			buildActionMask = 2147483647;
			files = (
				F49571F61799427100E0ECA6 /* InfoPlist.strings in Resources */,
			);
			runOnlyForDeploymentPostprocessing = 0;
		};
/* End PBXResourcesBuildPhase section */

/* Begin PBXSourcesBuildPhase section */
		F49571C21799427000E0ECA6 /* Sources */ = {
			isa = PBXSourcesBuildPhase;
			buildActionMask = 2147483647;
			files = (
				F49571E01799427000E0ECA6 /* SCMasterViewController.m in Sources */,
				F49571DA1799427000E0ECA6 /* SCAppDelegate.m in Sources */,
				F495720717994FC100E0ECA6 /* SCRSSFeed.m in Sources */,
				F4957204179942D500E0ECA6 /* SCRSSEntry.m in Sources */,
				F49571D61799427000E0ECA6 /* main.m in Sources */,
				F49571E31799427000E0ECA6 /* SCDetailViewController.m in Sources */,
			);
			runOnlyForDeploymentPostprocessing = 0;
		};
		F49571E61799427100E0ECA6 /* Sources */ = {
			isa = PBXSourcesBuildPhase;
			buildActionMask = 2147483647;
			files = (
				F49571F81799427100E0ECA6 /* FeedReaderTests.m in Sources */,
			);
			runOnlyForDeploymentPostprocessing = 0;
		};
/* End PBXSourcesBuildPhase section */

/* Begin PBXTargetDependency section */
		F49571F01799427100E0ECA6 /* PBXTargetDependency */ = {
			isa = PBXTargetDependency;
			target = F49571C51799427000E0ECA6 /* FeedReader */;
			targetProxy = F49571EF1799427100E0ECA6 /* PBXContainerItemProxy */;
		};
/* End PBXTargetDependency section */

/* Begin PBXVariantGroup section */
		F49571D21799427000E0ECA6 /* InfoPlist.strings */ = {
			isa = PBXVariantGroup;
			children = (
				F49571D31799427000E0ECA6 /* en */,
			);
			name = InfoPlist.strings;
			sourceTree = "<group>";
		};
		F49571DB1799427000E0ECA6 /* Main.storyboard */ = {
			isa = PBXVariantGroup;
			children = (
				F49571DC1799427000E0ECA6 /* Base */,
			);
			name = Main.storyboard;
			sourceTree = "<group>";
		};
		F49571F41799427100E0ECA6 /* InfoPlist.strings */ = {
			isa = PBXVariantGroup;
			children = (
				F49571F51799427100E0ECA6 /* en */,
			);
			name = InfoPlist.strings;
			sourceTree = "<group>";
		};
/* End PBXVariantGroup section */

/* Begin XCBuildConfiguration section */
		F49571F91799427100E0ECA6 /* Debug */ = {
			isa = XCBuildConfiguration;
			buildSettings = {
				ALWAYS_SEARCH_USER_PATHS = NO;
				CLANG_CXX_LANGUAGE_STANDARD = "gnu++0x";
				CLANG_CXX_LIBRARY = "libc++";
				CLANG_ENABLE_MODULES = YES;
				CLANG_ENABLE_OBJC_ARC = YES;
				CLANG_WARN_BOOL_CONVERSION = YES;
				CLANG_WARN_CONSTANT_CONVERSION = YES;
				CLANG_WARN_DIRECT_OBJC_ISA_USAGE = YES_ERROR;
				CLANG_WARN_EMPTY_BODY = YES;
				CLANG_WARN_ENUM_CONVERSION = YES;
				CLANG_WARN_INT_CONVERSION = YES;
				CLANG_WARN_OBJC_ROOT_CLASS = YES_ERROR;
				CLANG_WARN__DUPLICATE_METHOD_MATCH = YES;
				"CODE_SIGN_IDENTITY[sdk=iphoneos*]" = "iPhone Developer";
				COPY_PHASE_STRIP = NO;
				GCC_C_LANGUAGE_STANDARD = gnu99;
				GCC_DYNAMIC_NO_PIC = NO;
				GCC_OPTIMIZATION_LEVEL = 0;
				GCC_PREPROCESSOR_DEFINITIONS = (
					"DEBUG=1",
					"$(inherited)",
				);
				GCC_SYMBOLS_PRIVATE_EXTERN = NO;
				GCC_WARN_ABOUT_RETURN_TYPE = YES_ERROR;
				GCC_WARN_UNDECLARED_SELECTOR = YES;
				GCC_WARN_UNINITIALIZED_AUTOS = YES;
				GCC_WARN_UNUSED_FUNCTION = YES;
				GCC_WARN_UNUSED_VARIABLE = YES;
				IPHONEOS_DEPLOYMENT_TARGET = 7.0;
				ONLY_ACTIVE_ARCH = YES;
				SDKROOT = iphoneos;
			};
			name = Debug;
		};
		F49571FA1799427100E0ECA6 /* Release */ = {
			isa = XCBuildConfiguration;
			buildSettings = {
				ALWAYS_SEARCH_USER_PATHS = NO;
				CLANG_CXX_LANGUAGE_STANDARD = "gnu++0x";
				CLANG_CXX_LIBRARY = "libc++";
				CLANG_ENABLE_MODULES = YES;
				CLANG_ENABLE_OBJC_ARC = YES;
				CLANG_WARN_BOOL_CONVERSION = YES;
				CLANG_WARN_CONSTANT_CONVERSION = YES;
				CLANG_WARN_DIRECT_OBJC_ISA_USAGE = YES_ERROR;
				CLANG_WARN_EMPTY_BODY = YES;
				CLANG_WARN_ENUM_CONVERSION = YES;
				CLANG_WARN_INT_CONVERSION = YES;
				CLANG_WARN_OBJC_ROOT_CLASS = YES_ERROR;
				CLANG_WARN__DUPLICATE_METHOD_MATCH = YES;
				"CODE_SIGN_IDENTITY[sdk=iphoneos*]" = "iPhone Developer";
				COPY_PHASE_STRIP = YES;
				ENABLE_NS_ASSERTIONS = NO;
				GCC_C_LANGUAGE_STANDARD = gnu99;
				GCC_WARN_ABOUT_RETURN_TYPE = YES_ERROR;
				GCC_WARN_UNDECLARED_SELECTOR = YES;
				GCC_WARN_UNINITIALIZED_AUTOS = YES;
				GCC_WARN_UNUSED_FUNCTION = YES;
				GCC_WARN_UNUSED_VARIABLE = YES;
				IPHONEOS_DEPLOYMENT_TARGET = 7.0;
				SDKROOT = iphoneos;
				VALIDATE_PRODUCT = YES;
			};
			name = Release;
		};
		F49571FC1799427100E0ECA6 /* Debug */ = {
			isa = XCBuildConfiguration;
			buildSettings = {
				ASSETCATALOG_COMPILER_APPICON_NAME = AppIcon;
				ASSETCATALOG_COMPILER_LAUNCHIMAGE_NAME = LaunchImage;
				GCC_PRECOMPILE_PREFIX_HEADER = YES;
				GCC_PREFIX_HEADER = "FeedReader/FeedReader-Prefix.pch";
				INFOPLIST_FILE = "FeedReader/FeedReader-Info.plist";
				PRODUCT_NAME = "$(TARGET_NAME)";
				WRAPPER_EXTENSION = app;
			};
			name = Debug;
		};
		F49571FD1799427100E0ECA6 /* Release */ = {
			isa = XCBuildConfiguration;
			buildSettings = {
				ASSETCATALOG_COMPILER_APPICON_NAME = AppIcon;
				ASSETCATALOG_COMPILER_LAUNCHIMAGE_NAME = LaunchImage;
				GCC_PRECOMPILE_PREFIX_HEADER = YES;
				GCC_PREFIX_HEADER = "FeedReader/FeedReader-Prefix.pch";
				INFOPLIST_FILE = "FeedReader/FeedReader-Info.plist";
				PRODUCT_NAME = "$(TARGET_NAME)";
				WRAPPER_EXTENSION = app;
			};
			name = Release;
		};
		F49571FF1799427100E0ECA6 /* Debug */ = {
			isa = XCBuildConfiguration;
			buildSettings = {
				BUNDLE_LOADER = "$(BUILT_PRODUCTS_DIR)/FeedReader.app/FeedReader";
				FRAMEWORK_SEARCH_PATHS = (
					"$(SDKROOT)/Developer/Library/Frameworks",
					"$(inherited)",
					"$(SYSTEM_APPS_DIR)/Xcode5-DP3.app/Contents/Developer/Library/Frameworks",
				);
				GCC_PRECOMPILE_PREFIX_HEADER = YES;
				GCC_PREFIX_HEADER = "FeedReader/FeedReader-Prefix.pch";
				GCC_PREPROCESSOR_DEFINITIONS = (
					"DEBUG=1",
					"$(inherited)",
				);
				INFOPLIST_FILE = "FeedReaderTests/FeedReaderTests-Info.plist";
				PRODUCT_NAME = "$(TARGET_NAME)";
				TEST_HOST = "$(BUNDLE_LOADER)";
				WRAPPER_EXTENSION = xctest;
			};
			name = Debug;
		};
		F49572001799427100E0ECA6 /* Release */ = {
			isa = XCBuildConfiguration;
			buildSettings = {
				BUNDLE_LOADER = "$(BUILT_PRODUCTS_DIR)/FeedReader.app/FeedReader";
				FRAMEWORK_SEARCH_PATHS = (
					"$(SDKROOT)/Developer/Library/Frameworks",
					"$(inherited)",
					"$(SYSTEM_APPS_DIR)/Xcode5-DP3.app/Contents/Developer/Library/Frameworks",
				);
				GCC_PRECOMPILE_PREFIX_HEADER = YES;
				GCC_PREFIX_HEADER = "FeedReader/FeedReader-Prefix.pch";
				INFOPLIST_FILE = "FeedReaderTests/FeedReaderTests-Info.plist";
				PRODUCT_NAME = "$(TARGET_NAME)";
				TEST_HOST = "$(BUNDLE_LOADER)";
				WRAPPER_EXTENSION = xctest;
			};
			name = Release;
		};
/* End XCBuildConfiguration section */

/* Begin XCConfigurationList section */
		F49571C11799427000E0ECA6 /* Build configuration list for PBXProject "FeedReader" */ = {
			isa = XCConfigurationList;
			buildConfigurations = (
				F49571F91799427100E0ECA6 /* Debug */,
				F49571FA1799427100E0ECA6 /* Release */,
			);
			defaultConfigurationIsVisible = 0;
			defaultConfigurationName = Release;
		};
		F49571FB1799427100E0ECA6 /* Build configuration list for PBXNativeTarget "FeedReader" */ = {
			isa = XCConfigurationList;
			buildConfigurations = (
				F49571FC1799427100E0ECA6 /* Debug */,
				F49571FD1799427100E0ECA6 /* Release */,
			);
			defaultConfigurationIsVisible = 0;
			defaultConfigurationName = Release;
		};
		F49571FE1799427100E0ECA6 /* Build configuration list for PBXNativeTarget "FeedReaderTests" */ = {
			isa = XCConfigurationList;
			buildConfigurations = (
				F49571FF1799427100E0ECA6 /* Debug */,
				F49572001799427100E0ECA6 /* Release */,
			);
			defaultConfigurationIsVisible = 0;
			defaultConfigurationName = Release;
		};
/* End XCConfigurationList section */
	};
	rootObject = F49571BE1799427000E0ECA6 /* Project object */;
}
